<?xml version="1.0" encoding="UTF-8"?>
<Scheme
   LastUpgradeVersion = "1020"
   version = "1.3">
   <BuildAction
      parallelizeBuildables = "YES"
      buildImplicitDependencies = "YES">
      <PreActions>
         <ExecutionAction
            ActionType = "Xcode.IDEStandardExecutionActionsCore.ExecutionActionType.ShellScriptAction">
            <ActionContent
               title = "Run Script"
               scriptText = "if [ -d &quot;$PROJECT_DIR/Output&quot; ]&#10;then&#10;exit&#10;fi&#10;&#10;workspacePath=&quot;$PROJECT_DIR/$PROJECT_NAME.xcworkspace&quot;&#10;sharedSettings=&quot;$workspacePath/xcshareddata/WorkspaceSettings.xcsettings&quot;&#10;userSettings=&quot;$workspacePath/xcuserdata/$USER.xcuserdatad/WorkspaceSettings.xcsettings&quot;&#10;cp $sharedSettings $userSettings&#10;&#10;ps aux | grep /Applications/Xcode.app/Contents/MacOS/Xcode | awk &apos;{ print $2 }&apos; | xargs -L 1 kill -9&#10;&#10;open $workspacePath&#10;">
            </ActionContent>
         </ExecutionAction>
      </PreActions>
      <BuildActionEntries>
         <BuildActionEntry
            buildForTesting = "YES"
            buildForRunning = "YES"
            buildForProfiling = "YES"
            buildForArchiving = "YES"
            buildForAnalyzing = "YES">
            <BuildableReference
               BuildableIdentifier = "primary"
               BlueprintIdentifier = "9CC82B75227BC15900498FE3"
               BuildableName = "libGameEngine.a"
               BlueprintName = "GameEngine iOS"
               ReferencedContainer = "container:GameEngine.xcodeproj">
            </BuildableReference>
         </BuildActionEntry>
         <BuildActionEntry
            buildForTesting = "YES"
            buildForRunning = "YES"
            buildForProfiling = "YES"
            buildForArchiving = "YES"
            buildForAnalyzing = "YES">
            <BuildableReference
               BuildableIdentifier = "primary"
               BlueprintIdentifier = "9CC82B6A227BC14300498FE3"
               BuildableName = "libGameEngine.a"
               BlueprintName = "GameEngine tvOS"
               ReferencedContainer = "container:GameEngine.xcodeproj">
            </BuildableReference>
         </BuildActionEntry>
         <BuildActionEntry
            buildForTesting = "YES"
            buildForRunning = "YES"
            buildForProfiling = "YES"
            buildForArchiving = "YES"
            buildForAnalyzing = "YES">
            <BuildableReference
               BuildableIdentifier = "primary"
               BlueprintIdentifier = "9CC82B5D227BC12300498FE3"
               BuildableName = "libGameEngine.a"
               BlueprintName = "GameEngine macOS"
               ReferencedContainer = "container:GameEngine.xcodeproj">
            </BuildableReference>
         </BuildActionEntry>
      </BuildActionEntries>
   </BuildAction>
   <TestAction
      buildConfiguration = "Debug"
      selectedDebuggerIdentifier = "Xcode.DebuggerFoundation.Debugger.LLDB"
      selectedLauncherIdentifier = "Xcode.DebuggerFoundation.Launcher.LLDB"
      shouldUseLaunchSchemeArgsEnv = "YES">
      <Testables>
      </Testables>
      <MacroExpansion>
         <BuildableReference
            BuildableIdentifier = "primary"
            BlueprintIdentifier = "9CC82B75227BC15900498FE3"
            BuildableName = "libGameEngine.a"
            BlueprintName = "GameEngine iOS"
            ReferencedContainer = "container:GameEngine.xcodeproj">
         </BuildableReference>
      </MacroExpansion>
      <AdditionalOptions>
      </AdditionalOptions>
   </TestAction>
   <LaunchAction
      buildConfiguration = "Debug"
      selectedDebuggerIdentifier = "Xcode.DebuggerFoundation.Debugger.LLDB"
      selectedLauncherIdentifier = "Xcode.DebuggerFoundation.Launcher.LLDB"
      launchStyle = "0"
      useCustomWorkingDirectory = "NO"
      ignoresPersistentStateOnLaunch = "NO"
      debugDocumentVersioning = "YES"
      debugServiceExtension = "internal"
      allowLocationSimulation = "YES">
      <MacroExpansion>
         <BuildableReference
            BuildableIdentifier = "primary"
            BlueprintIdentifier = "9CC82B75227BC15900498FE3"
            BuildableName = "libGameEngine.a"
            BlueprintName = "GameEngine iOS"
            ReferencedContainer = "container:GameEngine.xcodeproj">
         </BuildableReference>
      </MacroExpansion>
      <AdditionalOptions>
      </AdditionalOptions>
   </LaunchAction>
   <ProfileAction
      buildConfiguration = "Release"
      shouldUseLaunchSchemeArgsEnv = "YES"
      savedToolIdentifier = ""
      useCustomWorkingDirectory = "NO"
      debugDocumentVersioning = "YES">
      <MacroExpansion>
         <BuildableReference
            BuildableIdentifier = "primary"
            BlueprintIdentifier = "9CC82B75227BC15900498FE3"
            BuildableName = "libGameEngine.a"
            BlueprintName = "GameEngine iOS"
            ReferencedContainer = "container:GameEngine.xcodeproj">
         </BuildableReference>
      </MacroExpansion>
   </ProfileAction>
   <AnalyzeAction
      buildConfiguration = "Debug">
   </AnalyzeAction>
   <ArchiveAction
      buildConfiguration = "Release"
      revealArchiveInOrganizer = "YES">
   </ArchiveAction>
</Scheme>
