// !$*UTF8*$!
{
	archiveVersion = 1;
	classes = {
	};
	objectVersion = 51;
	objects = {

/* Begin PBXBuildFile section */
		9C6800872288AA3500D96B7D /* main.swift in Sources */ = {isa = PBXBuildFile; fileRef = 9C6800862288AA3500D96B7D /* main.swift */; };
		9C6800882288AA3500D96B7D /* main.swift in Sources */ = {isa = PBXBuildFile; fileRef = 9C6800862288AA3500D96B7D /* main.swift */; };
		9C6800892288ABEC00D96B7D /* main.swift in Sources */ = {isa = PBXBuildFile; fileRef = 9C6800862288AA3500D96B7D /* main.swift */; };
		9C68008F2288B25500D96B7D /* MainScene.swift in Sources */ = {isa = PBXBuildFile; fileRef = 9C68008E2288B25500D96B7D /* MainScene.swift */; };
		9C6800902288B25500D96B7D /* MainScene.swift in Sources */ = {isa = PBXBuildFile; fileRef = 9C68008E2288B25500D96B7D /* MainScene.swift */; };
		9C6800912288B25500D96B7D /* MainScene.swift in Sources */ = {isa = PBXBuildFile; fileRef = 9C68008E2288B25500D96B7D /* MainScene.swift */; };
		9C6800932288B27700D96B7D /* ModeForwardComponent.swift in Sources */ = {isa = PBXBuildFile; fileRef = 9C6800922288B27700D96B7D /* ModeForwardComponent.swift */; };
		9C6800942288B27700D96B7D /* ModeForwardComponent.swift in Sources */ = {isa = PBXBuildFile; fileRef = 9C6800922288B27700D96B7D /* ModeForwardComponent.swift */; };
		9C6800952288B27700D96B7D /* ModeForwardComponent.swift in Sources */ = {isa = PBXBuildFile; fileRef = 9C6800922288B27700D96B7D /* ModeForwardComponent.swift */; };
		9C7C8491228043490071E7BA /* train.obj in Resources */ = {isa = PBXBuildFile; fileRef = 9C7C848C228043480071E7BA /* train.obj */; };
		9C7C8492228043490071E7BA /* train.obj in Resources */ = {isa = PBXBuildFile; fileRef = 9C7C848C228043480071E7BA /* train.obj */; };
		9C7C8493228043490071E7BA /* train.obj in Resources */ = {isa = PBXBuildFile; fileRef = 9C7C848C228043480071E7BA /* train.obj */; };
		9C7C8494228043490071E7BA /* train.mtl in Resources */ = {isa = PBXBuildFile; fileRef = 9C7C848D228043480071E7BA /* train.mtl */; };
		9C7C8495228043490071E7BA /* train.mtl in Resources */ = {isa = PBXBuildFile; fileRef = 9C7C848D228043480071E7BA /* train.mtl */; };
		9C7C8496228043490071E7BA /* train.mtl in Resources */ = {isa = PBXBuildFile; fileRef = 9C7C848D228043480071E7BA /* train.mtl */; };
		9C7C8497228043490071E7BA /* train-color.png in Resources */ = {isa = PBXBuildFile; fileRef = 9C7C848E228043480071E7BA /* train-color.png */; };
		9C7C8498228043490071E7BA /* train-color.png in Resources */ = {isa = PBXBuildFile; fileRef = 9C7C848E228043480071E7BA /* train-color.png */; };
		9C7C8499228043490071E7BA /* train-color.png in Resources */ = {isa = PBXBuildFile; fileRef = 9C7C848E228043480071E7BA /* train-color.png */; };
		9C7C849A228043490071E7BA /* treefir.mtl in Resources */ = {isa = PBXBuildFile; fileRef = 9C7C848F228043490071E7BA /* treefir.mtl */; };
		9C7C849B228043490071E7BA /* treefir.mtl in Resources */ = {isa = PBXBuildFile; fileRef = 9C7C848F228043490071E7BA /* treefir.mtl */; };
		9C7C849C228043490071E7BA /* treefir.mtl in Resources */ = {isa = PBXBuildFile; fileRef = 9C7C848F228043490071E7BA /* treefir.mtl */; };
		9C7C849D228043490071E7BA /* treefir.obj in Resources */ = {isa = PBXBuildFile; fileRef = 9C7C8490228043490071E7BA /* treefir.obj */; };
		9C7C849E228043490071E7BA /* treefir.obj in Resources */ = {isa = PBXBuildFile; fileRef = 9C7C8490228043490071E7BA /* treefir.obj */; };
		9C7C849F228043490071E7BA /* treefir.obj in Resources */ = {isa = PBXBuildFile; fileRef = 9C7C8490228043490071E7BA /* treefir.obj */; };
		9CA432C82289ADA800832886 /* bounce.wav in Resources */ = {isa = PBXBuildFile; fileRef = 9CA432BF2289ADA800832886 /* bounce.wav */; };
		9CA432C92289ADA800832886 /* bounce.wav in Resources */ = {isa = PBXBuildFile; fileRef = 9CA432BF2289ADA800832886 /* bounce.wav */; };
		9CA432CA2289ADA800832886 /* bounce.wav in Resources */ = {isa = PBXBuildFile; fileRef = 9CA432BF2289ADA800832886 /* bounce.wav */; };
		9CA432CB2289ADA800832886 /* lose.wav in Resources */ = {isa = PBXBuildFile; fileRef = 9CA432C02289ADA800832886 /* lose.wav */; };
		9CA432CC2289ADA800832886 /* lose.wav in Resources */ = {isa = PBXBuildFile; fileRef = 9CA432C02289ADA800832886 /* lose.wav */; };
		9CA432CD2289ADA800832886 /* lose.wav in Resources */ = {isa = PBXBuildFile; fileRef = 9CA432C02289ADA800832886 /* lose.wav */; };
		9CA432CE2289ADA800832886 /* win.wav in Resources */ = {isa = PBXBuildFile; fileRef = 9CA432C12289ADA800832886 /* win.wav */; };
		9CA432CF2289ADA800832886 /* win.wav in Resources */ = {isa = PBXBuildFile; fileRef = 9CA432C12289ADA800832886 /* win.wav */; };
		9CA432D02289ADA800832886 /* win.wav in Resources */ = {isa = PBXBuildFile; fileRef = 9CA432C12289ADA800832886 /* win.wav */; };
		9CA432D22289AFBC00832886 /* ambient.wav in Resources */ = {isa = PBXBuildFile; fileRef = 9CA432D12289AFBC00832886 /* ambient.wav */; };
		9CA432D32289AFBC00832886 /* ambient.wav in Resources */ = {isa = PBXBuildFile; fileRef = 9CA432D12289AFBC00832886 /* ambient.wav */; };
		9CA432D42289AFBC00832886 /* ambient.wav in Resources */ = {isa = PBXBuildFile; fileRef = 9CA432D12289AFBC00832886 /* ambient.wav */; };
		9CC82AD1227B897E00498FE3 /* Assets.xcassets in Resources */ = {isa = PBXBuildFile; fileRef = 9CF154132250D86A00CD00DA /* Assets.xcassets */; };
		9CD7C12F227CE25900CDA812 /* ShadersLibrary.metallib in Resources */ = {isa = PBXBuildFile; fileRef = 9CD7C12E227CE25900CDA812 /* ShadersLibrary.metallib */; };
		9CD7C131227CE26600CDA812 /* ShadersLibrary.metallib in Resources */ = {isa = PBXBuildFile; fileRef = 9CD7C130227CE26600CDA812 /* ShadersLibrary.metallib */; };
		9CD7C133227CE27700CDA812 /* ShadersLibrary.metallib in Resources */ = {isa = PBXBuildFile; fileRef = 9CD7C132227CE27700CDA812 /* ShadersLibrary.metallib */; };
		9CD7C137227CE2CA00CDA812 /* libGameEngine.a in Frameworks */ = {isa = PBXBuildFile; fileRef = 9CD7C136227CE2CA00CDA812 /* libGameEngine.a */; };
		9CD7C139227CE2D200CDA812 /* libGameEngine.a in Frameworks */ = {isa = PBXBuildFile; fileRef = 9CD7C138227CE2D200CDA812 /* libGameEngine.a */; };
		9CD7C13A227CE2DB00CDA812 /* libGameEngine.a in Frameworks */ = {isa = PBXBuildFile; fileRef = 9CD7C134227CE2BE00CDA812 /* libGameEngine.a */; };
		9CF1543A2250D86B00CD00DA /* Assets.xcassets in Resources */ = {isa = PBXBuildFile; fileRef = 9CF154132250D86A00CD00DA /* Assets.xcassets */; };
		9CF1543B2250D86B00CD00DA /* Assets.xcassets in Resources */ = {isa = PBXBuildFile; fileRef = 9CF154132250D86A00CD00DA /* Assets.xcassets */; };
/* End PBXBuildFile section */

/* Begin PBXFileReference section */
		9C6800862288AA3500D96B7D /* main.swift */ = {isa = PBXFileReference; lastKnownFileType = sourcecode.swift; path = main.swift; sourceTree = "<group>"; };
		9C68008E2288B25500D96B7D /* MainScene.swift */ = {isa = PBXFileReference; fileEncoding = 4; lastKnownFileType = sourcecode.swift; path = MainScene.swift; sourceTree = "<group>"; };
		9C6800922288B27700D96B7D /* ModeForwardComponent.swift */ = {isa = PBXFileReference; fileEncoding = 4; lastKnownFileType = sourcecode.swift; path = ModeForwardComponent.swift; sourceTree = "<group>"; };
		9C7C848C228043480071E7BA /* train.obj */ = {isa = PBXFileReference; fileEncoding = 4; lastKnownFileType = text; path = train.obj; sourceTree = "<group>"; };
		9C7C848D228043480071E7BA /* train.mtl */ = {isa = PBXFileReference; fileEncoding = 4; lastKnownFileType = text; path = train.mtl; sourceTree = "<group>"; };
		9C7C848E228043480071E7BA /* train-color.png */ = {isa = PBXFileReference; lastKnownFileType = image.png; path = "train-color.png"; sourceTree = "<group>"; };
		9C7C848F228043490071E7BA /* treefir.mtl */ = {isa = PBXFileReference; fileEncoding = 4; lastKnownFileType = text; path = treefir.mtl; sourceTree = "<group>"; };
		9C7C8490228043490071E7BA /* treefir.obj */ = {isa = PBXFileReference; fileEncoding = 4; lastKnownFileType = text; path = treefir.obj; sourceTree = "<group>"; };
		9CA432BF2289ADA800832886 /* bounce.wav */ = {isa = PBXFileReference; lastKnownFileType = audio.wav; path = bounce.wav; sourceTree = "<group>"; };
		9CA432C02289ADA800832886 /* lose.wav */ = {isa = PBXFileReference; lastKnownFileType = audio.wav; path = lose.wav; sourceTree = "<group>"; };
		9CA432C12289ADA800832886 /* win.wav */ = {isa = PBXFileReference; lastKnownFileType = audio.wav; path = win.wav; sourceTree = "<group>"; };
		9CA432D12289AFBC00832886 /* ambient.wav */ = {isa = PBXFileReference; lastKnownFileType = audio.wav; path = ambient.wav; sourceTree = "<group>"; };
		9CC82AC2227B887C00498FE3 /* GameEngine-Demo.app */ = {isa = PBXFileReference; explicitFileType = wrapper.application; includeInIndex = 0; path = "GameEngine-Demo.app"; sourceTree = BUILT_PRODUCTS_DIR; };
		9CC82ACD227B887D00498FE3 /* Info.plist */ = {isa = PBXFileReference; lastKnownFileType = text.plist.xml; path = Info.plist; sourceTree = "<group>"; };
		9CD7C12E227CE25900CDA812 /* ShadersLibrary.metallib */ = {isa = PBXFileReference; lastKnownFileType = "archive.metal-library"; name = ShadersLibrary.metallib; path = "../../../GameEngine/build/ShadersLibrary macOS/Debug/ShadersLibrary.metallib"; sourceTree = "<group>"; };
		9CD7C130227CE26600CDA812 /* ShadersLibrary.metallib */ = {isa = PBXFileReference; lastKnownFileType = "archive.metal-library"; name = ShadersLibrary.metallib; path = "../../../GameEngine/build/ShadersLibrary tvOS/Debug/ShadersLibrary.metallib"; sourceTree = "<group>"; };
		9CD7C132227CE27700CDA812 /* ShadersLibrary.metallib */ = {isa = PBXFileReference; lastKnownFileType = "archive.metal-library"; name = ShadersLibrary.metallib; path = "../../../GameEngine/build/ShadersLibrary iOS/Debug/ShadersLibrary.metallib"; sourceTree = "<group>"; };
		9CD7C134227CE2BE00CDA812 /* libGameEngine.a */ = {isa = PBXFileReference; lastKnownFileType = archive.ar; name = libGameEngine.a; path = "../GameEngine/build/GameEngine iOS/Debug/libGameEngine.a"; sourceTree = "<group>"; };
		9CD7C136227CE2CA00CDA812 /* libGameEngine.a */ = {isa = PBXFileReference; lastKnownFileType = archive.ar; name = libGameEngine.a; path = "../GameEngine/build/GameEngine macOS/Debug/libGameEngine.a"; sourceTree = "<group>"; };
		9CD7C138227CE2D200CDA812 /* libGameEngine.a */ = {isa = PBXFileReference; lastKnownFileType = archive.ar; name = libGameEngine.a; path = "../GameEngine/build/GameEngine tvOS/Debug/libGameEngine.a"; sourceTree = "<group>"; };
		9CF154132250D86A00CD00DA /* Assets.xcassets */ = {isa = PBXFileReference; lastKnownFileType = folder.assetcatalog; path = Assets.xcassets; sourceTree = "<group>"; };
		9CF154182250D86A00CD00DA /* GameEngine-Demo.app */ = {isa = PBXFileReference; explicitFileType = wrapper.application; includeInIndex = 0; path = "GameEngine-Demo.app"; sourceTree = BUILT_PRODUCTS_DIR; };
		9CF154252250D86B00CD00DA /* Info.plist */ = {isa = PBXFileReference; lastKnownFileType = text.plist.xml; path = Info.plist; sourceTree = "<group>"; };
		9CF1542A2250D86B00CD00DA /* GameEngine-Demo.app */ = {isa = PBXFileReference; explicitFileType = wrapper.application; includeInIndex = 0; path = "GameEngine-Demo.app"; sourceTree = BUILT_PRODUCTS_DIR; };
		9CF154332250D86B00CD00DA /* Info.plist */ = {isa = PBXFileReference; lastKnownFileType = text.plist.xml; path = Info.plist; sourceTree = "<group>"; };
/* End PBXFileReference section */

/* Begin PBXFrameworksBuildPhase section */
		9CC82ABF227B887C00498FE3 /* Frameworks */ = {
			isa = PBXFrameworksBuildPhase;
			buildActionMask = 2147483647;
			files = (
				9CD7C139227CE2D200CDA812 /* libGameEngine.a in Frameworks */,
			);
			runOnlyForDeploymentPostprocessing = 0;
		};
		9CF154152250D86A00CD00DA /* Frameworks */ = {
			isa = PBXFrameworksBuildPhase;
			buildActionMask = 2147483647;
			files = (
				9CD7C13A227CE2DB00CDA812 /* libGameEngine.a in Frameworks */,
			);
			runOnlyForDeploymentPostprocessing = 0;
		};
		9CF154272250D86B00CD00DA /* Frameworks */ = {
			isa = PBXFrameworksBuildPhase;
			buildActionMask = 2147483647;
			files = (
				9CD7C137227CE2CA00CDA812 /* libGameEngine.a in Frameworks */,
			);
			runOnlyForDeploymentPostprocessing = 0;
		};
/* End PBXFrameworksBuildPhase section */

/* Begin PBXGroup section */
		9C0240BE227E5C3E00FBB659 /* Resources */ = {
			isa = PBXGroup;
			children = (
				9CA432BC2289AD9600832886 /* Sounds */,
				9CA432BB2289AD8D00832886 /* Models */,
			);
			path = Resources;
			sourceTree = "<group>";
		};
		9CA432902288B9E100832886 /* Common */ = {
			isa = PBXGroup;
			children = (
				9C6800862288AA3500D96B7D /* main.swift */,
				9C68008E2288B25500D96B7D /* MainScene.swift */,
				9C6800922288B27700D96B7D /* ModeForwardComponent.swift */,
			);
			path = Common;
			sourceTree = "<group>";
		};
		9CA432BB2289AD8D00832886 /* Models */ = {
			isa = PBXGroup;
			children = (
				9C7C848E228043480071E7BA /* train-color.png */,
				9C7C848D228043480071E7BA /* train.mtl */,
				9C7C848C228043480071E7BA /* train.obj */,
				9C7C848F228043490071E7BA /* treefir.mtl */,
				9C7C8490228043490071E7BA /* treefir.obj */,
			);
			path = Models;
			sourceTree = "<group>";
		};
		9CA432BC2289AD9600832886 /* Sounds */ = {
			isa = PBXGroup;
			children = (
				9CA432D12289AFBC00832886 /* ambient.wav */,
				9CA432BF2289ADA800832886 /* bounce.wav */,
				9CA432C02289ADA800832886 /* lose.wav */,
				9CA432C12289ADA800832886 /* win.wav */,
			);
			path = Sounds;
			sourceTree = "<group>";
		};
		9CC82AD6227B8A2300498FE3 /* iOS */ = {
			isa = PBXGroup;
			children = (
				9CD7C132227CE27700CDA812 /* ShadersLibrary.metallib */,
				9CF154252250D86B00CD00DA /* Info.plist */,
			);
			path = iOS;
			sourceTree = "<group>";
		};
		9CC82AD7227B8A2C00498FE3 /* tvOS */ = {
			isa = PBXGroup;
			children = (
				9CD7C130227CE26600CDA812 /* ShadersLibrary.metallib */,
				9CC82ACD227B887D00498FE3 /* Info.plist */,
			);
			path = tvOS;
			sourceTree = "<group>";
		};
		9CC82ADE227B9FB800498FE3 /* macOS */ = {
			isa = PBXGroup;
			children = (
				9CD7C12E227CE25900CDA812 /* ShadersLibrary.metallib */,
				9CF154332250D86B00CD00DA /* Info.plist */,
			);
			path = macOS;
			sourceTree = "<group>";
		};
		9CD60580227BEE1800472E9F /* Frameworks */ = {
			isa = PBXGroup;
			children = (
				9CD7C138227CE2D200CDA812 /* libGameEngine.a */,
				9CD7C136227CE2CA00CDA812 /* libGameEngine.a */,
				9CD7C134227CE2BE00CDA812 /* libGameEngine.a */,
			);
			name = Frameworks;
			sourceTree = "<group>";
		};
		9CF1540A2250D86800CD00DA = {
			isa = PBXGroup;
			children = (
				9CF1541A2250D86A00CD00DA /* GameEngine Demo */,
				9CF154192250D86A00CD00DA /* Products */,
				9CD60580227BEE1800472E9F /* Frameworks */,
			);
			sourceTree = "<group>";
		};
		9CF154192250D86A00CD00DA /* Products */ = {
			isa = PBXGroup;
			children = (
				9CF154182250D86A00CD00DA /* GameEngine-Demo.app */,
				9CF1542A2250D86B00CD00DA /* GameEngine-Demo.app */,
				9CC82AC2227B887C00498FE3 /* GameEngine-Demo.app */,
			);
			name = Products;
			sourceTree = "<group>";
		};
		9CF1541A2250D86A00CD00DA /* GameEngine Demo */ = {
			isa = PBXGroup;
			children = (
				9CA432902288B9E100832886 /* Common */,
				9C0240BE227E5C3E00FBB659 /* Resources */,
				9CC82ADE227B9FB800498FE3 /* macOS */,
				9CC82AD7227B8A2C00498FE3 /* tvOS */,
				9CC82AD6227B8A2300498FE3 /* iOS */,
				9CF154132250D86A00CD00DA /* Assets.xcassets */,
			);
			path = "GameEngine Demo";
			sourceTree = "<group>";
		};
/* End PBXGroup section */

/* Begin PBXNativeTarget section */
		9CC82AC1227B887C00498FE3 /* GameEngine-Demo tvOS */ = {
			isa = PBXNativeTarget;
			buildConfigurationList = 9CC82ACE227B887D00498FE3 /* Build configuration list for PBXNativeTarget "GameEngine-Demo tvOS" */;
			buildPhases = (
				9CC82ABE227B887C00498FE3 /* Sources */,
				9CC82ABF227B887C00498FE3 /* Frameworks */,
				9CC82AC0227B887C00498FE3 /* Resources */,
			);
			buildRules = (
			);
			dependencies = (
			);
			name = "GameEngine-Demo tvOS";
			productName = GameEngine;
			productReference = 9CC82AC2227B887C00498FE3 /* GameEngine-Demo.app */;
			productType = "com.apple.product-type.application";
		};
		9CF154172250D86A00CD00DA /* GameEngine-Demo iOS */ = {
			isa = PBXNativeTarget;
			buildConfigurationList = 9CF1543E2250D86B00CD00DA /* Build configuration list for PBXNativeTarget "GameEngine-Demo iOS" */;
			buildPhases = (
				9CF154142250D86A00CD00DA /* Sources */,
				9CF154152250D86A00CD00DA /* Frameworks */,
				9CF154162250D86A00CD00DA /* Resources */,
			);
			buildRules = (
			);
			dependencies = (
			);
			name = "GameEngine-Demo iOS";
			productName = "GameEngine iOS";
			productReference = 9CF154182250D86A00CD00DA /* GameEngine-Demo.app */;
			productType = "com.apple.product-type.application";
		};
		9CF154292250D86B00CD00DA /* GameEngine-Demo macOS */ = {
			isa = PBXNativeTarget;
			buildConfigurationList = 9CF154412250D86B00CD00DA /* Build configuration list for PBXNativeTarget "GameEngine-Demo macOS" */;
			buildPhases = (
				9CF154262250D86B00CD00DA /* Sources */,
				9CF154272250D86B00CD00DA /* Frameworks */,
				9CF154282250D86B00CD00DA /* Resources */,
			);
			buildRules = (
			);
			dependencies = (
			);
			name = "GameEngine-Demo macOS";
			productName = "GameEngine macOS";
			productReference = 9CF1542A2250D86B00CD00DA /* GameEngine-Demo.app */;
			productType = "com.apple.product-type.application";
		};
/* End PBXNativeTarget section */

/* Begin PBXProject section */
		9CF1540B2250D86800CD00DA /* Project object */ = {
			isa = PBXProject;
			attributes = {
				LastSwiftUpdateCheck = 1020;
				LastUpgradeCheck = 1020;
				ORGANIZATIONNAME = "Matvey Kravtsov";
				TargetAttributes = {
					9CC82AC1227B887C00498FE3 = {
						CreatedOnToolsVersion = 10.2.1;
					};
					9CF154172250D86A00CD00DA = {
						CreatedOnToolsVersion = 10.2;
					};
					9CF154292250D86B00CD00DA = {
						CreatedOnToolsVersion = 10.2;
					};
				};
			};
			buildConfigurationList = 9CF1540E2250D86800CD00DA /* Build configuration list for PBXProject "GameEngine-Demo" */;
			compatibilityVersion = "Xcode 10.0";
			developmentRegion = en;
			hasScannedForEncodings = 0;
			knownRegions = (
				en,
				Base,
			);
			mainGroup = 9CF1540A2250D86800CD00DA;
			productRefGroup = 9CF154192250D86A00CD00DA /* Products */;
			projectDirPath = "";
			projectRoot = "";
			targets = (
				9CF154172250D86A00CD00DA /* GameEngine-Demo iOS */,
				9CC82AC1227B887C00498FE3 /* GameEngine-Demo tvOS */,
				9CF154292250D86B00CD00DA /* GameEngine-Demo macOS */,
			);
		};
/* End PBXProject section */

/* Begin PBXResourcesBuildPhase section */
		9CC82AC0227B887C00498FE3 /* Resources */ = {
			isa = PBXResourcesBuildPhase;
			buildActionMask = 2147483647;
			files = (
				9C7C8498228043490071E7BA /* train-color.png in Resources */,
				9CD7C131227CE26600CDA812 /* ShadersLibrary.metallib in Resources */,
				9CC82AD1227B897E00498FE3 /* Assets.xcassets in Resources */,
				9CA432C92289ADA800832886 /* bounce.wav in Resources */,
				9C7C849B228043490071E7BA /* treefir.mtl in Resources */,
				9CA432D32289AFBC00832886 /* ambient.wav in Resources */,
				9C7C849E228043490071E7BA /* treefir.obj in Resources */,
				9CA432CC2289ADA800832886 /* lose.wav in Resources */,
				9C7C8495228043490071E7BA /* train.mtl in Resources */,
				9CA432CF2289ADA800832886 /* win.wav in Resources */,
				9C7C8492228043490071E7BA /* train.obj in Resources */,
			);
			runOnlyForDeploymentPostprocessing = 0;
		};
		9CF154162250D86A00CD00DA /* Resources */ = {
			isa = PBXResourcesBuildPhase;
			buildActionMask = 2147483647;
			files = (
				9C7C8497228043490071E7BA /* train-color.png in Resources */,
				9CD7C133227CE27700CDA812 /* ShadersLibrary.metallib in Resources */,
				9CF1543A2250D86B00CD00DA /* Assets.xcassets in Resources */,
				9CA432C82289ADA800832886 /* bounce.wav in Resources */,
				9C7C849A228043490071E7BA /* treefir.mtl in Resources */,
				9CA432D22289AFBC00832886 /* ambient.wav in Resources */,
				9C7C849D228043490071E7BA /* treefir.obj in Resources */,
				9CA432CB2289ADA800832886 /* lose.wav in Resources */,
				9C7C8494228043490071E7BA /* train.mtl in Resources */,
				9CA432CE2289ADA800832886 /* win.wav in Resources */,
				9C7C8491228043490071E7BA /* train.obj in Resources */,
			);
			runOnlyForDeploymentPostprocessing = 0;
		};
		9CF154282250D86B00CD00DA /* Resources */ = {
			isa = PBXResourcesBuildPhase;
			buildActionMask = 2147483647;
			files = (
				9C7C8499228043490071E7BA /* train-color.png in Resources */,
				9CD7C12F227CE25900CDA812 /* ShadersLibrary.metallib in Resources */,
				9CF1543B2250D86B00CD00DA /* Assets.xcassets in Resources */,
				9CA432CA2289ADA800832886 /* bounce.wav in Resources */,
				9C7C849C228043490071E7BA /* treefir.mtl in Resources */,
				9CA432D42289AFBC00832886 /* ambient.wav in Resources */,
				9C7C849F228043490071E7BA /* treefir.obj in Resources */,
				9CA432CD2289ADA800832886 /* lose.wav in Resources */,
				9C7C8496228043490071E7BA /* train.mtl in Resources */,
				9CA432D02289ADA800832886 /* win.wav in Resources */,
				9C7C8493228043490071E7BA /* train.obj in Resources */,
			);
			runOnlyForDeploymentPostprocessing = 0;
		};
/* End PBXResourcesBuildPhase section */

/* Begin PBXSourcesBuildPhase section */
		9CC82ABE227B887C00498FE3 /* Sources */ = {
			isa = PBXSourcesBuildPhase;
			buildActionMask = 2147483647;
			files = (
				9C6800902288B25500D96B7D /* MainScene.swift in Sources */,
				9C6800942288B27700D96B7D /* ModeForwardComponent.swift in Sources */,
				9C6800882288AA3500D96B7D /* main.swift in Sources */,
			);
			runOnlyForDeploymentPostprocessing = 0;
		};
		9CF154142250D86A00CD00DA /* Sources */ = {
			isa = PBXSourcesBuildPhase;
			buildActionMask = 2147483647;
			files = (
				9C68008F2288B25500D96B7D /* MainScene.swift in Sources */,
				9C6800932288B27700D96B7D /* ModeForwardComponent.swift in Sources */,
				9C6800872288AA3500D96B7D /* main.swift in Sources */,
			);
			runOnlyForDeploymentPostprocessing = 0;
		};
		9CF154262250D86B00CD00DA /* Sources */ = {
			isa = PBXSourcesBuildPhase;
			buildActionMask = 2147483647;
			files = (
				9C6800912288B25500D96B7D /* MainScene.swift in Sources */,
				9C6800952288B27700D96B7D /* ModeForwardComponent.swift in Sources */,
				9C6800892288ABEC00D96B7D /* main.swift in Sources */,
			);
			runOnlyForDeploymentPostprocessing = 0;
		};
/* End PBXSourcesBuildPhase section */

/* Begin XCBuildConfiguration section */
		9CC82ACF227B887D00498FE3 /* Debug */ = {
			isa = XCBuildConfiguration;
			buildSettings = {
				ASSETCATALOG_COMPILER_APPICON_NAME = "Brand Assets";
				ASSETCATALOG_COMPILER_LAUNCHIMAGE_NAME = LaunchImage;
				CODE_SIGN_STYLE = Automatic;
				DEVELOPMENT_TEAM = 83W65ZB2H6;
				INFOPLIST_FILE = "$(SRCROOT)/GameEngine Demo/tvOS/Info.plist";
				LD_RUNPATH_SEARCH_PATHS = (
					"$(inherited)",
					"@executable_path/Frameworks",
				);
				LIBRARY_SEARCH_PATHS = "\"$(SRCROOT)/../GameEngine/build/GameEngine tvOS/Debug\"";
				PRODUCT_BUNDLE_IDENTIFIER = kravtsov.GameEngine;
				PRODUCT_NAME = "GameEngine-Demo";
				SDKROOT = appletvos;
				SWIFT_INCLUDE_PATHS = "\"$(SRCROOT)/../GameEngine/build/GameEngine tvOS/Debug\"";
				SWIFT_OBJC_BRIDGING_HEADER = "";
				SWIFT_VERSION = 5.0;
				TARGETED_DEVICE_FAMILY = 3;
				TVOS_DEPLOYMENT_TARGET = 12.2;
			};
			name = Debug;
		};
		9CC82AD0227B887D00498FE3 /* Release */ = {
			isa = XCBuildConfiguration;
			buildSettings = {
				ASSETCATALOG_COMPILER_APPICON_NAME = "Brand Assets";
				ASSETCATALOG_COMPILER_LAUNCHIMAGE_NAME = LaunchImage;
				CODE_SIGN_STYLE = Automatic;
				DEVELOPMENT_TEAM = 83W65ZB2H6;
				INFOPLIST_FILE = "$(SRCROOT)/GameEngine Demo/tvOS/Info.plist";
				LD_RUNPATH_SEARCH_PATHS = (
					"$(inherited)",
					"@executable_path/Frameworks",
				);
				LIBRARY_SEARCH_PATHS = "\"$(SRCROOT)/../GameEngine/build/GameEngine tvOS/Debug\"";
				PRODUCT_BUNDLE_IDENTIFIER = kravtsov.GameEngine;
				PRODUCT_NAME = "GameEngine-Demo";
				SDKROOT = appletvos;
				SWIFT_INCLUDE_PATHS = "\"$(SRCROOT)/../GameEngine/build/GameEngine tvOS/Debug\"";
				SWIFT_OBJC_BRIDGING_HEADER = "";
				SWIFT_VERSION = 5.0;
				TARGETED_DEVICE_FAMILY = 3;
				TVOS_DEPLOYMENT_TARGET = 12.2;
				VALIDATE_PRODUCT = YES;
			};
			name = Release;
		};
		9CF1543C2250D86B00CD00DA /* Debug */ = {
			isa = XCBuildConfiguration;
			buildSettings = {
				ALWAYS_SEARCH_USER_PATHS = NO;
				CLANG_ANALYZER_NONNULL = YES;
				CLANG_ANALYZER_NUMBER_OBJECT_CONVERSION = YES_AGGRESSIVE;
				CLANG_CXX_LANGUAGE_STANDARD = "gnu++14";
				CLANG_CXX_LIBRARY = "libc++";
				CLANG_ENABLE_MODULES = YES;
				CLANG_ENABLE_OBJC_ARC = YES;
				CLANG_ENABLE_OBJC_WEAK = YES;
				CLANG_WARN_BLOCK_CAPTURE_AUTORELEASING = YES;
				CLANG_WARN_BOOL_CONVERSION = YES;
				CLANG_WARN_COMMA = YES;
				CLANG_WARN_CONSTANT_CONVERSION = YES;
				CLANG_WARN_DEPRECATED_OBJC_IMPLEMENTATIONS = YES;
				CLANG_WARN_DIRECT_OBJC_ISA_USAGE = YES_ERROR;
				CLANG_WARN_DOCUMENTATION_COMMENTS = YES;
				CLANG_WARN_EMPTY_BODY = YES;
				CLANG_WARN_ENUM_CONVERSION = YES;
				CLANG_WARN_INFINITE_RECURSION = YES;
				CLANG_WARN_INT_CONVERSION = YES;
				CLANG_WARN_NON_LITERAL_NULL_CONVERSION = YES;
				CLANG_WARN_OBJC_IMPLICIT_RETAIN_SELF = YES;
				CLANG_WARN_OBJC_LITERAL_CONVERSION = YES;
				CLANG_WARN_OBJC_ROOT_CLASS = YES_ERROR;
				CLANG_WARN_RANGE_LOOP_ANALYSIS = YES;
				CLANG_WARN_STRICT_PROTOTYPES = YES;
				CLANG_WARN_SUSPICIOUS_MOVE = YES;
				CLANG_WARN_UNGUARDED_AVAILABILITY = YES_AGGRESSIVE;
				CLANG_WARN_UNREACHABLE_CODE = YES;
				CLANG_WARN__DUPLICATE_METHOD_MATCH = YES;
				COPY_PHASE_STRIP = NO;
				DEBUG_INFORMATION_FORMAT = dwarf;
				ENABLE_STRICT_OBJC_MSGSEND = YES;
				ENABLE_TESTABILITY = YES;
				GCC_C_LANGUAGE_STANDARD = gnu11;
				GCC_DYNAMIC_NO_PIC = NO;
				GCC_NO_COMMON_BLOCKS = YES;
				GCC_OPTIMIZATION_LEVEL = 0;
				GCC_PREPROCESSOR_DEFINITIONS = (
					"DEBUG=1",
					"$(inherited)",
				);
				GCC_WARN_64_TO_32_BIT_CONVERSION = YES;
				GCC_WARN_ABOUT_RETURN_TYPE = YES_ERROR;
				GCC_WARN_UNDECLARED_SELECTOR = YES;
				GCC_WARN_UNINITIALIZED_AUTOS = YES_AGGRESSIVE;
				GCC_WARN_UNUSED_FUNCTION = YES;
				GCC_WARN_UNUSED_VARIABLE = YES;
				MTL_ENABLE_DEBUG_INFO = INCLUDE_SOURCE;
				MTL_FAST_MATH = YES;
				ONLY_ACTIVE_ARCH = YES;
				SWIFT_ACTIVE_COMPILATION_CONDITIONS = DEBUG;
				SWIFT_OPTIMIZATION_LEVEL = "-Onone";
			};
			name = Debug;
		};
		9CF1543D2250D86B00CD00DA /* Release */ = {
			isa = XCBuildConfiguration;
			buildSettings = {
				ALWAYS_SEARCH_USER_PATHS = NO;
				CLANG_ANALYZER_NONNULL = YES;
				CLANG_ANALYZER_NUMBER_OBJECT_CONVERSION = YES_AGGRESSIVE;
				CLANG_CXX_LANGUAGE_STANDARD = "gnu++14";
				CLANG_CXX_LIBRARY = "libc++";
				CLANG_ENABLE_MODULES = YES;
				CLANG_ENABLE_OBJC_ARC = YES;
				CLANG_ENABLE_OBJC_WEAK = YES;
				CLANG_WARN_BLOCK_CAPTURE_AUTORELEASING = YES;
				CLANG_WARN_BOOL_CONVERSION = YES;
				CLANG_WARN_COMMA = YES;
				CLANG_WARN_CONSTANT_CONVERSION = YES;
				CLANG_WARN_DEPRECATED_OBJC_IMPLEMENTATIONS = YES;
				CLANG_WARN_DIRECT_OBJC_ISA_USAGE = YES_ERROR;
				CLANG_WARN_DOCUMENTATION_COMMENTS = YES;
				CLANG_WARN_EMPTY_BODY = YES;
				CLANG_WARN_ENUM_CONVERSION = YES;
				CLANG_WARN_INFINITE_RECURSION = YES;
				CLANG_WARN_INT_CONVERSION = YES;
				CLANG_WARN_NON_LITERAL_NULL_CONVERSION = YES;
				CLANG_WARN_OBJC_IMPLICIT_RETAIN_SELF = YES;
				CLANG_WARN_OBJC_LITERAL_CONVERSION = YES;
				CLANG_WARN_OBJC_ROOT_CLASS = YES_ERROR;
				CLANG_WARN_RANGE_LOOP_ANALYSIS = YES;
				CLANG_WARN_STRICT_PROTOTYPES = YES;
				CLANG_WARN_SUSPICIOUS_MOVE = YES;
				CLANG_WARN_UNGUARDED_AVAILABILITY = YES_AGGRESSIVE;
				CLANG_WARN_UNREACHABLE_CODE = YES;
				CLANG_WARN__DUPLICATE_METHOD_MATCH = YES;
				COPY_PHASE_STRIP = NO;
				DEBUG_INFORMATION_FORMAT = "dwarf-with-dsym";
				ENABLE_NS_ASSERTIONS = NO;
				ENABLE_STRICT_OBJC_MSGSEND = YES;
				GCC_C_LANGUAGE_STANDARD = gnu11;
				GCC_NO_COMMON_BLOCKS = YES;
				GCC_WARN_64_TO_32_BIT_CONVERSION = YES;
				GCC_WARN_ABOUT_RETURN_TYPE = YES_ERROR;
				GCC_WARN_UNDECLARED_SELECTOR = YES;
				GCC_WARN_UNINITIALIZED_AUTOS = YES_AGGRESSIVE;
				GCC_WARN_UNUSED_FUNCTION = YES;
				GCC_WARN_UNUSED_VARIABLE = YES;
				MTL_ENABLE_DEBUG_INFO = NO;
				MTL_FAST_MATH = YES;
				SWIFT_COMPILATION_MODE = wholemodule;
				SWIFT_OPTIMIZATION_LEVEL = "-O";
			};
			name = Release;
		};
		9CF1543F2250D86B00CD00DA /* Debug */ = {
			isa = XCBuildConfiguration;
			buildSettings = {
				ASSETCATALOG_COMPILER_APPICON_NAME = AppIcon;
				ASSETCATALOG_COMPILER_LAUNCHIMAGE_NAME = LaunchImage;
				CODE_SIGN_IDENTITY = "iPhone Developer";
				CODE_SIGN_STYLE = Automatic;
				DEVELOPMENT_TEAM = 83W65ZB2H6;
				GCC_TREAT_IMPLICIT_FUNCTION_DECLARATIONS_AS_ERRORS = YES;
				GCC_TREAT_INCOMPATIBLE_POINTER_TYPE_WARNINGS_AS_ERRORS = YES;
				GCC_TREAT_WARNINGS_AS_ERRORS = YES;
				INFOPLIST_FILE = "$(SRCROOT)/GameEngine Demo/iOS/Info.plist";
				IPHONEOS_DEPLOYMENT_TARGET = 12.2;
				LD_RUNPATH_SEARCH_PATHS = (
					"$(inherited)",
					"@executable_path/Frameworks",
				);
				LIBRARY_SEARCH_PATHS = "\"$(SRCROOT)/../GameEngine/build/GameEngine iOS/Debug\"";
				MTL_TREAT_WARNINGS_AS_ERRORS = YES;
				PRODUCT_BUNDLE_IDENTIFIER = kravtsov.GameEngine;
				PRODUCT_NAME = "GameEngine-Demo";
				SDKROOT = iphoneos;
				SWIFT_INCLUDE_PATHS = "\"$(SRCROOT)/../GameEngine/build/GameEngine iOS/Debug\"";
				SWIFT_OBJC_BRIDGING_HEADER = "";
				SWIFT_TREAT_WARNINGS_AS_ERRORS = YES;
				SWIFT_VERSION = 5.0;
				TARGETED_DEVICE_FAMILY = "1,2";
			};
			name = Debug;
		};
		9CF154402250D86B00CD00DA /* Release */ = {
			isa = XCBuildConfiguration;
			buildSettings = {
				ASSETCATALOG_COMPILER_APPICON_NAME = AppIcon;
				ASSETCATALOG_COMPILER_LAUNCHIMAGE_NAME = LaunchImage;
				CODE_SIGN_IDENTITY = "iPhone Developer";
				CODE_SIGN_STYLE = Automatic;
				DEVELOPMENT_TEAM = 83W65ZB2H6;
				GCC_TREAT_IMPLICIT_FUNCTION_DECLARATIONS_AS_ERRORS = YES;
				GCC_TREAT_INCOMPATIBLE_POINTER_TYPE_WARNINGS_AS_ERRORS = YES;
				GCC_TREAT_WARNINGS_AS_ERRORS = YES;
				INFOPLIST_FILE = "$(SRCROOT)/GameEngine Demo/iOS/Info.plist";
				IPHONEOS_DEPLOYMENT_TARGET = 12.2;
				LD_RUNPATH_SEARCH_PATHS = (
					"$(inherited)",
					"@executable_path/Frameworks",
				);
				LIBRARY_SEARCH_PATHS = "\"$(SRCROOT)/../GameEngine/build/GameEngine iOS/Debug\"";
				MTL_TREAT_WARNINGS_AS_ERRORS = YES;
				PRODUCT_BUNDLE_IDENTIFIER = kravtsov.GameEngine;
				PRODUCT_NAME = "GameEngine-Demo";
				SDKROOT = iphoneos;
				SWIFT_INCLUDE_PATHS = "\"$(SRCROOT)/../GameEngine/build/GameEngine iOS/Debug\"";
				SWIFT_OBJC_BRIDGING_HEADER = "";
				SWIFT_TREAT_WARNINGS_AS_ERRORS = YES;
				SWIFT_VERSION = 5.0;
				TARGETED_DEVICE_FAMILY = "1,2";
				VALIDATE_PRODUCT = YES;
			};
			name = Release;
		};
		9CF154422250D86B00CD00DA /* Debug */ = {
			isa = XCBuildConfiguration;
			buildSettings = {
				ASSETCATALOG_COMPILER_APPICON_NAME = AppIcon;
				CODE_SIGN_IDENTITY = "Mac Developer";
				CODE_SIGN_STYLE = Automatic;
				COMBINE_HIDPI_IMAGES = YES;
				DEVELOPMENT_TEAM = 83W65ZB2H6;
				GCC_TREAT_IMPLICIT_FUNCTION_DECLARATIONS_AS_ERRORS = YES;
				GCC_TREAT_INCOMPATIBLE_POINTER_TYPE_WARNINGS_AS_ERRORS = YES;
				GCC_TREAT_WARNINGS_AS_ERRORS = YES;
				INFOPLIST_FILE = "$(SRCROOT)/GameEngine Demo/macOS/Info.plist";
				LD_RUNPATH_SEARCH_PATHS = (
					"$(inherited)",
					"@executable_path/../Frameworks",
				);
				LIBRARY_SEARCH_PATHS = "\"$(SRCROOT)/../GameEngine/build/GameEngine macOS/Debug\"";
				MACOSX_DEPLOYMENT_TARGET = 10.14;
				MTL_TREAT_WARNINGS_AS_ERRORS = YES;
				PRODUCT_BUNDLE_IDENTIFIER = kravtsov.GameEngine;
				PRODUCT_NAME = "GameEngine-Demo";
				PROVISIONING_PROFILE_SPECIFIER = "";
				SDKROOT = macosx;
				SWIFT_INCLUDE_PATHS = "\"$(SRCROOT)/../GameEngine/build/GameEngine macOS/Debug\"";
				SWIFT_OBJC_BRIDGING_HEADER = "";
				SWIFT_TREAT_WARNINGS_AS_ERRORS = YES;
				SWIFT_VERSION = 5.0;
			};
			name = Debug;
		};
		9CF154432250D86B00CD00DA /* Release */ = {
			isa = XCBuildConfiguration;
			buildSettings = {
				ASSETCATALOG_COMPILER_APPICON_NAME = AppIcon;
				CODE_SIGN_IDENTITY = "Mac Developer";
				CODE_SIGN_STYLE = Automatic;
				COMBINE_HIDPI_IMAGES = YES;
				DEVELOPMENT_TEAM = 83W65ZB2H6;
				GCC_TREAT_IMPLICIT_FUNCTION_DECLARATIONS_AS_ERRORS = YES;
				GCC_TREAT_INCOMPATIBLE_POINTER_TYPE_WARNINGS_AS_ERRORS = YES;
				GCC_TREAT_WARNINGS_AS_ERRORS = YES;
				INFOPLIST_FILE = "$(SRCROOT)/GameEngine Demo/macOS/Info.plist";
				LD_RUNPATH_SEARCH_PATHS = (
					"$(inherited)",
					"@executable_path/../Frameworks",
				);
				LIBRARY_SEARCH_PATHS = "\"$(SRCROOT)/../GameEngine/build/GameEngine macOS/Debug\"";
				MACOSX_DEPLOYMENT_TARGET = 10.14;
				MTL_TREAT_WARNINGS_AS_ERRORS = YES;
				PRODUCT_BUNDLE_IDENTIFIER = kravtsov.GameEngine;
				PRODUCT_NAME = "GameEngine-Demo";
				PROVISIONING_PROFILE_SPECIFIER = "";
				SDKROOT = macosx;
				SWIFT_INCLUDE_PATHS = "\"$(SRCROOT)/../GameEngine/build/GameEngine macOS/Debug\"";
				SWIFT_OBJC_BRIDGING_HEADER = "";
				SWIFT_TREAT_WARNINGS_AS_ERRORS = YES;
				SWIFT_VERSION = 5.0;
			};
			name = Release;
		};
/* End XCBuildConfiguration section */

/* Begin XCConfigurationList section */
		9CC82ACE227B887D00498FE3 /* Build configuration list for PBXNativeTarget "GameEngine-Demo tvOS" */ = {
			isa = XCConfigurationList;
			buildConfigurations = (
				9CC82ACF227B887D00498FE3 /* Debug */,
				9CC82AD0227B887D00498FE3 /* Release */,
			);
			defaultConfigurationIsVisible = 0;
			defaultConfigurationName = Release;
		};
		9CF1540E2250D86800CD00DA /* Build configuration list for PBXProject "GameEngine-Demo" */ = {
			isa = XCConfigurationList;
			buildConfigurations = (
				9CF1543C2250D86B00CD00DA /* Debug */,
				9CF1543D2250D86B00CD00DA /* Release */,
			);
			defaultConfigurationIsVisible = 0;
			defaultConfigurationName = Release;
		};
		9CF1543E2250D86B00CD00DA /* Build configuration list for PBXNativeTarget "GameEngine-Demo iOS" */ = {
			isa = XCConfigurationList;
			buildConfigurations = (
				9CF1543F2250D86B00CD00DA /* Debug */,
				9CF154402250D86B00CD00DA /* Release */,
			);
			defaultConfigurationIsVisible = 0;
			defaultConfigurationName = Release;
		};
		9CF154412250D86B00CD00DA /* Build configuration list for PBXNativeTarget "GameEngine-Demo macOS" */ = {
			isa = XCConfigurationList;
			buildConfigurations = (
				9CF154422250D86B00CD00DA /* Debug */,
				9CF154432250D86B00CD00DA /* Release */,
			);
			defaultConfigurationIsVisible = 0;
			defaultConfigurationName = Release;
		};
/* End XCConfigurationList section */
	};
	rootObject = 9CF1540B2250D86800CD00DA /* Project object */;
}
